{
	"name": "@webhandle/external-resource-manager",
	"version": "1.0.0",
	"lockfileVersion": 3,
	"requires": true,
	"packages": {
		"": {
			"name": "@webhandle/external-resource-manager",
			"version": "1.0.0",
			"license": "ISC",
			"dependencies": {
				"@webhandle/initialize-webhandle-component": "^1.0.1"
			}
		},
		"node_modules/@webhandle/initialize-webhandle-component": {
			"version": "1.0.1",
			"resolved": "https://registry.npmjs.org/@webhandle/initialize-webhandle-component/-/initialize-webhandle-component-1.0.1.tgz",
			"integrity": "sha512-nZRmlw7ULnwqXqzXcjCsFYgt7p+2cGbQ/MmWo70WuwDPFf9mliHjA2/6gTcw7L/1m8zuc5ecHYqWs6QFcKBXkQ==",
			"license": "ISC",
			"bin": {
				"create-initialize-webhandle-component-file": "create-initialize-webhandle-component-file.mjs"
			}
		}
	}
}
