{
  "name": "@webhandle/external-resource-manager",
  "version": "1.0.0",
  "lockfileVersion": 3,
  "requires": true,
  "packages": {
    "": {
      "name": "@webhandle/external-resource-manager",
      "version": "1.0.0",
      "license": "ISC",
      "dependencies": {
        "@webhandle/initialize-webhandle-component": "github:EmergentIdeas/webhandle-initialize-webhandle-component"
      }
    },
    "node_modules/@webhandle/initialize-webhandle-component": {
      "version": "1.0.0",
      "resolved": "git+ssh://git@github.com/EmergentIdeas/webhandle-initialize-webhandle-component.git#6124a56ef3fb08db82c98990a415505509c81337",
      "license": "ISC",
      "bin": {
        "create-initialize-webhandle-component-file": "create-initialize-webhandle-component-file.mjs"
      }
    }
  }
}
